
Microsoft Visual Studio Solution File, Format Version 12.00
# Visual Studio 15
Project("{FAE04EC0-301F-11D3-BF4B-00C04F79EFBC}") = "ServiceBusConsoleApp", "ServiceBusConsoleApp.csproj", "{612D497F-EA02-4C93-915F-03AF22C9459B}"
EndProject
Global
	GlobalSection(SolutionConfigurationPlatforms) = preSolution
		Debug|Any CPU = Debug|Any CPU
		Release|Any CPU = Release|Any CPU
	EndGlobalSection
	GlobalSection(ProjectConfigurationPlatforms) = postSolution
		{612D497F-EA02-4C93-915F-03AF22C9459B}.Debug|Any CPU.ActiveCfg = Debug|Any CPU
		{612D497F-EA02-4C93-915F-03AF22C9459B}.Debug|Any CPU.Build.0 = Debug|Any CPU
		{612D497F-EA02-4C93-915F-03AF22C9459B}.Release|Any CPU.ActiveCfg = Release|Any CPU
		{612D497F-EA02-4C93-915F-03AF22C9459B}.Release|Any CPU.Build.0 = Release|Any CPU
	EndGlobalSection
EndGlobal
